
Microsoft Visual Studio Solution File, Format Version 12.00
# Visual Studio 15
VisualStudioVersion = 15.0.27703.2042
MinimumVisualStudioVersion = 10.0.40219.1
Project("{2150E333-8FDC-42A3-9474-1A3956D46DE8}") = "src", "src", "{24442316-C08F-4365-9480-29A8C2809C14}"
EndProject
Project("{2150E333-8FDC-42A3-9474-1A3956D46DE8}") = "Core", "Core", "{C3073783-3A74-45DA-9B7E-186A5B37AA16}"
EndProject
Project("{2150E333-8FDC-42A3-9474-1A3956D46DE8}") = "test", "test", "{EA781C06-3F27-4F44-9128-BAABCA5420C5}"
EndProject
Project("{FAE04EC0-301F-11D3-BF4B-00C04F79EFBC}") = "Vipr", "src\Core\Vipr\Vipr.csproj", "{D9E57059-BAD6-483B-985C-C7D1DA24ED7F}"
EndProject
Project("{FAE04EC0-301F-11D3-BF4B-00C04F79EFBC}") = "Vipr.Core", "src\Core\Vipr.Core\Vipr.Core.csproj", "{04C24936-006A-4FD8-A872-EE55588C1CBE}"
EndProject
Project("{2150E333-8FDC-42A3-9474-1A3956D46DE8}") = "Readers", "Readers", "{62924477-56C4-40C3-AE7B-CD2CBCB13935}"
EndProject
Project("{FAE04EC0-301F-11D3-BF4B-00C04F79EFBC}") = "Vipr.Reader.OData.v4", "src\Readers\Vipr.Reader.OData.v4\Vipr.Reader.OData.v4.csproj", "{6D8D8008-0A34-490F-8B38-21D9C8BF25C0}"
EndProject
Project("{2150E333-8FDC-42A3-9474-1A3956D46DE8}") = ".nuget", ".nuget", "{63D78AF4-61E2-42F6-B21F-15B101B8A1CC}"
	ProjectSection(SolutionItems) = preProject
		.nuget\nuget.config = .nuget\nuget.config
		.nuget\NuGet.targets = .nuget\NuGet.targets
		.nuget\packages.config = .nuget\packages.config
	EndProjectSection
EndProject
Project("{2150E333-8FDC-42A3-9474-1A3956D46DE8}") = "ODataReader.v4UnitTests", "ODataReader.v4UnitTests", "{A37C4110-002B-443A-9DEE-374F0C2E311C}"
EndProject
Project("{FAE04EC0-301F-11D3-BF4B-00C04F79EFBC}") = "ODataReader.v4UnitTests", "test\ODataReader.v4UnitTests\ODataReader.v4UnitTests.csproj", "{0FE50B4D-1BB1-4CE5-91EA-D5046F326536}"
EndProject
Global
	GlobalSection(SolutionConfigurationPlatforms) = preSolution
		Android|Any CPU = Android|Any CPU
		Android|ARM = Android|ARM
		Android|Mixed Platforms = Android|Mixed Platforms
		Android|x64 = Android|x64
		Android|x86 = Android|x86
		Debug|Any CPU = Debug|Any CPU
		Debug|ARM = Debug|ARM
		Debug|Mixed Platforms = Debug|Mixed Platforms
		Debug|x64 = Debug|x64
		Debug|x86 = Debug|x86
		Release|Any CPU = Release|Any CPU
		Release|ARM = Release|ARM
		Release|Mixed Platforms = Release|Mixed Platforms
		Release|x64 = Release|x64
		Release|x86 = Release|x86
		Xamarin|Any CPU = Xamarin|Any CPU
		Xamarin|ARM = Xamarin|ARM
		Xamarin|Mixed Platforms = Xamarin|Mixed Platforms
		Xamarin|x64 = Xamarin|x64
		Xamarin|x86 = Xamarin|x86
	EndGlobalSection
	GlobalSection(ProjectConfigurationPlatforms) = postSolution
		{D9E57059-BAD6-483B-985C-C7D1DA24ED7F}.Android|Any CPU.ActiveCfg = Release|Any CPU
		{D9E57059-BAD6-483B-985C-C7D1DA24ED7F}.Android|Any CPU.Build.0 = Release|Any CPU
		{D9E57059-BAD6-483B-985C-C7D1DA24ED7F}.Android|ARM.ActiveCfg = Release|Any CPU
		{D9E57059-BAD6-483B-985C-C7D1DA24ED7F}.Android|Mixed Platforms.ActiveCfg = Release|Any CPU
		{D9E57059-BAD6-483B-985C-C7D1DA24ED7F}.Android|Mixed Platforms.Build.0 = Release|Any CPU
		{D9E57059-BAD6-483B-985C-C7D1DA24ED7F}.Android|x64.ActiveCfg = Release|Any CPU
		{D9E57059-BAD6-483B-985C-C7D1DA24ED7F}.Android|x86.ActiveCfg = Release|Any CPU
		{D9E57059-BAD6-483B-985C-C7D1DA24ED7F}.Debug|Any CPU.ActiveCfg = Debug|Any CPU
		{D9E57059-BAD6-483B-985C-C7D1DA24ED7F}.Debug|Any CPU.Build.0 = Debug|Any CPU
		{D9E57059-BAD6-483B-985C-C7D1DA24ED7F}.Debug|ARM.ActiveCfg = Debug|Any CPU
		{D9E57059-BAD6-483B-985C-C7D1DA24ED7F}.Debug|Mixed Platforms.ActiveCfg = Debug|Any CPU
		{D9E57059-BAD6-483B-985C-C7D1DA24ED7F}.Debug|Mixed Platforms.Build.0 = Debug|Any CPU
		{D9E57059-BAD6-483B-985C-C7D1DA24ED7F}.Debug|x64.ActiveCfg = Debug|Any CPU
		{D9E57059-BAD6-483B-985C-C7D1DA24ED7F}.Debug|x86.ActiveCfg = Debug|Any CPU
		{D9E57059-BAD6-483B-985C-C7D1DA24ED7F}.Release|Any CPU.ActiveCfg = Release|Any CPU
		{D9E57059-BAD6-483B-985C-C7D1DA24ED7F}.Release|Any CPU.Build.0 = Release|Any CPU
		{D9E57059-BAD6-483B-985C-C7D1DA24ED7F}.Release|ARM.ActiveCfg = Release|Any CPU
		{D9E57059-BAD6-483B-985C-C7D1DA24ED7F}.Release|Mixed Platforms.ActiveCfg = Release|Any CPU
		{D9E57059-BAD6-483B-985C-C7D1DA24ED7F}.Release|Mixed Platforms.Build.0 = Release|Any CPU
		{D9E57059-BAD6-483B-985C-C7D1DA24ED7F}.Release|x64.ActiveCfg = Release|Any CPU
		{D9E57059-BAD6-483B-985C-C7D1DA24ED7F}.Release|x86.ActiveCfg = Release|Any CPU
		{D9E57059-BAD6-483B-985C-C7D1DA24ED7F}.Xamarin|Any CPU.ActiveCfg = Release|Any CPU
		{D9E57059-BAD6-483B-985C-C7D1DA24ED7F}.Xamarin|Any CPU.Build.0 = Release|Any CPU
		{D9E57059-BAD6-483B-985C-C7D1DA24ED7F}.Xamarin|ARM.ActiveCfg = Release|Any CPU
		{D9E57059-BAD6-483B-985C-C7D1DA24ED7F}.Xamarin|Mixed Platforms.ActiveCfg = Release|Any CPU
		{D9E57059-BAD6-483B-985C-C7D1DA24ED7F}.Xamarin|Mixed Platforms.Build.0 = Release|Any CPU
		{D9E57059-BAD6-483B-985C-C7D1DA24ED7F}.Xamarin|x64.ActiveCfg = Release|Any CPU
		{D9E57059-BAD6-483B-985C-C7D1DA24ED7F}.Xamarin|x86.ActiveCfg = Release|Any CPU
		{04C24936-006A-4FD8-A872-EE55588C1CBE}.Android|Any CPU.ActiveCfg = Release|Any CPU
		{04C24936-006A-4FD8-A872-EE55588C1CBE}.Android|Any CPU.Build.0 = Release|Any CPU
		{04C24936-006A-4FD8-A872-EE55588C1CBE}.Android|ARM.ActiveCfg = Release|Any CPU
		{04C24936-006A-4FD8-A872-EE55588C1CBE}.Android|Mixed Platforms.ActiveCfg = Release|Any CPU
		{04C24936-006A-4FD8-A872-EE55588C1CBE}.Android|Mixed Platforms.Build.0 = Release|Any CPU
		{04C24936-006A-4FD8-A872-EE55588C1CBE}.Android|x64.ActiveCfg = Release|Any CPU
		{04C24936-006A-4FD8-A872-EE55588C1CBE}.Android|x86.ActiveCfg = Release|Any CPU
		{04C24936-006A-4FD8-A872-EE55588C1CBE}.Debug|Any CPU.ActiveCfg = Debug|Any CPU
		{04C24936-006A-4FD8-A872-EE55588C1CBE}.Debug|Any CPU.Build.0 = Debug|Any CPU
		{04C24936-006A-4FD8-A872-EE55588C1CBE}.Debug|ARM.ActiveCfg = Debug|Any CPU
		{04C24936-006A-4FD8-A872-EE55588C1CBE}.Debug|Mixed Platforms.ActiveCfg = Debug|Any CPU
		{04C24936-006A-4FD8-A872-EE55588C1CBE}.Debug|Mixed Platforms.Build.0 = Debug|Any CPU
		{04C24936-006A-4FD8-A872-EE55588C1CBE}.Debug|x64.ActiveCfg = Debug|Any CPU
		{04C24936-006A-4FD8-A872-EE55588C1CBE}.Debug|x86.ActiveCfg = Debug|Any CPU
		{04C24936-006A-4FD8-A872-EE55588C1CBE}.Release|Any CPU.ActiveCfg = Release|Any CPU
		{04C24936-006A-4FD8-A872-EE55588C1CBE}.Release|Any CPU.Build.0 = Release|Any CPU
		{04C24936-006A-4FD8-A872-EE55588C1CBE}.Release|ARM.ActiveCfg = Release|Any CPU
		{04C24936-006A-4FD8-A872-EE55588C1CBE}.Release|Mixed Platforms.ActiveCfg = Release|Any CPU
		{04C24936-006A-4FD8-A872-EE55588C1CBE}.Release|Mixed Platforms.Build.0 = Release|Any CPU
		{04C24936-006A-4FD8-A872-EE55588C1CBE}.Release|x64.ActiveCfg = Release|Any CPU
		{04C24936-006A-4FD8-A872-EE55588C1CBE}.Release|x86.ActiveCfg = Release|Any CPU
		{04C24936-006A-4FD8-A872-EE55588C1CBE}.Xamarin|Any CPU.ActiveCfg = Release|Any CPU
		{04C24936-006A-4FD8-A872-EE55588C1CBE}.Xamarin|Any CPU.Build.0 = Release|Any CPU
		{04C24936-006A-4FD8-A872-EE55588C1CBE}.Xamarin|ARM.ActiveCfg = Release|Any CPU
		{04C24936-006A-4FD8-A872-EE55588C1CBE}.Xamarin|Mixed Platforms.ActiveCfg = Release|Any CPU
		{04C24936-006A-4FD8-A872-EE55588C1CBE}.Xamarin|Mixed Platforms.Build.0 = Release|Any CPU
		{04C24936-006A-4FD8-A872-EE55588C1CBE}.Xamarin|x64.ActiveCfg = Release|Any CPU
		{04C24936-006A-4FD8-A872-EE55588C1CBE}.Xamarin|x86.ActiveCfg = Release|Any CPU
		{6D8D8008-0A34-490F-8B38-21D9C8BF25C0}.Android|Any CPU.ActiveCfg = Release|Any CPU
		{6D8D8008-0A34-490F-8B38-21D9C8BF25C0}.Android|Any CPU.Build.0 = Release|Any CPU
		{6D8D8008-0A34-490F-8B38-21D9C8BF25C0}.Android|ARM.ActiveCfg = Release|Any CPU
		{6D8D8008-0A34-490F-8B38-21D9C8BF25C0}.Android|Mixed Platforms.ActiveCfg = Release|Any CPU
		{6D8D8008-0A34-490F-8B38-21D9C8BF25C0}.Android|Mixed Platforms.Build.0 = Release|Any CPU
		{6D8D8008-0A34-490F-8B38-21D9C8BF25C0}.Android|x64.ActiveCfg = Release|Any CPU
		{6D8D8008-0A34-490F-8B38-21D9C8BF25C0}.Android|x86.ActiveCfg = Release|Any CPU
		{6D8D8008-0A34-490F-8B38-21D9C8BF25C0}.Debug|Any CPU.ActiveCfg = Debug|Any CPU
		{6D8D8008-0A34-490F-8B38-21D9C8BF25C0}.Debug|Any CPU.Build.0 = Debug|Any CPU
		{6D8D8008-0A34-490F-8B38-21D9C8BF25C0}.Debug|ARM.ActiveCfg = Debug|Any CPU
		{6D8D8008-0A34-490F-8B38-21D9C8BF25C0}.Debug|Mixed Platforms.ActiveCfg = Debug|Any CPU
		{6D8D8008-0A34-490F-8B38-21D9C8BF25C0}.Debug|Mixed Platforms.Build.0 = Debug|Any CPU
		{6D8D8008-0A34-490F-8B38-21D9C8BF25C0}.Debug|x64.ActiveCfg = Debug|Any CPU
		{6D8D8008-0A34-490F-8B38-21D9C8BF25C0}.Debug|x86.ActiveCfg = Debug|Any CPU
		{6D8D8008-0A34-490F-8B38-21D9C8BF25C0}.Release|Any CPU.ActiveCfg = Release|Any CPU
		{6D8D8008-0A34-490F-8B38-21D9C8BF25C0}.Release|Any CPU.Build.0 = Release|Any CPU
		{6D8D8008-0A34-490F-8B38-21D9C8BF25C0}.Release|ARM.ActiveCfg = Release|Any CPU
		{6D8D8008-0A34-490F-8B38-21D9C8BF25C0}.Release|Mixed Platforms.ActiveCfg = Release|Any CPU
		{6D8D8008-0A34-490F-8B38-21D9C8BF25C0}.Release|Mixed Platforms.Build.0 = Release|Any CPU
		{6D8D8008-0A34-490F-8B38-21D9C8BF25C0}.Release|x64.ActiveCfg = Release|Any CPU
		{6D8D8008-0A34-490F-8B38-21D9C8BF25C0}.Release|x86.ActiveCfg = Release|Any CPU
		{6D8D8008-0A34-490F-8B38-21D9C8BF25C0}.Xamarin|Any CPU.ActiveCfg = Release|Any CPU
		{6D8D8008-0A34-490F-8B38-21D9C8BF25C0}.Xamarin|Any CPU.Build.0 = Release|Any CPU
		{6D8D8008-0A34-490F-8B38-21D9C8BF25C0}.Xamarin|ARM.ActiveCfg = Release|Any CPU
		{6D8D8008-0A34-490F-8B38-21D9C8BF25C0}.Xamarin|Mixed Platforms.ActiveCfg = Release|Any CPU
		{6D8D8008-0A34-490F-8B38-21D9C8BF25C0}.Xamarin|Mixed Platforms.Build.0 = Release|Any CPU
		{6D8D8008-0A34-490F-8B38-21D9C8BF25C0}.Xamarin|x64.ActiveCfg = Release|Any CPU
		{6D8D8008-0A34-490F-8B38-21D9C8BF25C0}.Xamarin|x86.ActiveCfg = Release|Any CPU
		{0FE50B4D-1BB1-4CE5-91EA-D5046F326536}.Android|Any CPU.ActiveCfg = Release|Any CPU
		{0FE50B4D-1BB1-4CE5-91EA-D5046F326536}.Android|Any CPU.Build.0 = Release|Any CPU
		{0FE50B4D-1BB1-4CE5-91EA-D5046F326536}.Android|ARM.ActiveCfg = Release|Any CPU
		{0FE50B4D-1BB1-4CE5-91EA-D5046F326536}.Android|Mixed Platforms.ActiveCfg = Release|Any CPU
		{0FE50B4D-1BB1-4CE5-91EA-D5046F326536}.Android|Mixed Platforms.Build.0 = Release|Any CPU
		{0FE50B4D-1BB1-4CE5-91EA-D5046F326536}.Android|x64.ActiveCfg = Release|Any CPU
		{0FE50B4D-1BB1-4CE5-91EA-D5046F326536}.Android|x86.ActiveCfg = Release|Any CPU
		{0FE50B4D-1BB1-4CE5-91EA-D5046F326536}.Debug|Any CPU.ActiveCfg = Debug|Any CPU
		{0FE50B4D-1BB1-4CE5-91EA-D5046F326536}.Debug|Any CPU.Build.0 = Debug|Any CPU
		{0FE50B4D-1BB1-4CE5-91EA-D5046F326536}.Debug|ARM.ActiveCfg = Debug|Any CPU
		{0FE50B4D-1BB1-4CE5-91EA-D5046F326536}.Debug|Mixed Platforms.ActiveCfg = Debug|Any CPU
		{0FE50B4D-1BB1-4CE5-91EA-D5046F326536}.Debug|Mixed Platforms.Build.0 = Debug|Any CPU
		{0FE50B4D-1BB1-4CE5-91EA-D5046F326536}.Debug|x64.ActiveCfg = Debug|Any CPU
		{0FE50B4D-1BB1-4CE5-91EA-D5046F326536}.Debug|x86.ActiveCfg = Debug|Any CPU
		{0FE50B4D-1BB1-4CE5-91EA-D5046F326536}.Release|Any CPU.ActiveCfg = Release|Any CPU
		{0FE50B4D-1BB1-4CE5-91EA-D5046F326536}.Release|Any CPU.Build.0 = Release|Any CPU
		{0FE50B4D-1BB1-4CE5-91EA-D5046F326536}.Release|ARM.ActiveCfg = Release|Any CPU
		{0FE50B4D-1BB1-4CE5-91EA-D5046F326536}.Release|Mixed Platforms.ActiveCfg = Release|Any CPU
		{0FE50B4D-1BB1-4CE5-91EA-D5046F326536}.Release|Mixed Platforms.Build.0 = Release|Any CPU
		{0FE50B4D-1BB1-4CE5-91EA-D5046F326536}.Release|x64.ActiveCfg = Release|Any CPU
		{0FE50B4D-1BB1-4CE5-91EA-D5046F326536}.Release|x86.ActiveCfg = Release|Any CPU
		{0FE50B4D-1BB1-4CE5-91EA-D5046F326536}.Xamarin|Any CPU.ActiveCfg = Release|Any CPU
		{0FE50B4D-1BB1-4CE5-91EA-D5046F326536}.Xamarin|Any CPU.Build.0 = Release|Any CPU
		{0FE50B4D-1BB1-4CE5-91EA-D5046F326536}.Xamarin|ARM.ActiveCfg = Release|Any CPU
		{0FE50B4D-1BB1-4CE5-91EA-D5046F326536}.Xamarin|Mixed Platforms.ActiveCfg = Release|Any CPU
		{0FE50B4D-1BB1-4CE5-91EA-D5046F326536}.Xamarin|Mixed Platforms.Build.0 = Release|Any CPU
		{0FE50B4D-1BB1-4CE5-91EA-D5046F326536}.Xamarin|x64.ActiveCfg = Release|Any CPU
		{0FE50B4D-1BB1-4CE5-91EA-D5046F326536}.Xamarin|x86.ActiveCfg = Release|Any CPU
	EndGlobalSection
	GlobalSection(SolutionProperties) = preSolution
		HideSolutionNode = FALSE
	EndGlobalSection
	GlobalSection(NestedProjects) = preSolution
		{C3073783-3A74-45DA-9B7E-186A5B37AA16} = {24442316-C08F-4365-9480-29A8C2809C14}
		{D9E57059-BAD6-483B-985C-C7D1DA24ED7F} = {C3073783-3A74-45DA-9B7E-186A5B37AA16}
		{04C24936-006A-4FD8-A872-EE55588C1CBE} = {C3073783-3A74-45DA-9B7E-186A5B37AA16}
		{62924477-56C4-40C3-AE7B-CD2CBCB13935} = {24442316-C08F-4365-9480-29A8C2809C14}
		{6D8D8008-0A34-490F-8B38-21D9C8BF25C0} = {62924477-56C4-40C3-AE7B-CD2CBCB13935}
		{A37C4110-002B-443A-9DEE-374F0C2E311C} = {EA781C06-3F27-4F44-9128-BAABCA5420C5}
		{0FE50B4D-1BB1-4CE5-91EA-D5046F326536} = {A37C4110-002B-443A-9DEE-374F0C2E311C}
	EndGlobalSection
	GlobalSection(ExtensibilityGlobals) = postSolution
		SolutionGuid = {DB3357C7-36CE-4FC4-99A0-5D9F3E1247CB}
	EndGlobalSection
EndGlobal
