
Microsoft Visual Studio Solution File, Format Version 12.00
# Visual Studio 2013
VisualStudioVersion = 12.0.31101.0
MinimumVisualStudioVersion = 10.0.40219.1
Project("{2150E333-8FDC-42A3-9474-1A3956D46DE8}") = "src", "src", "{24442316-C08F-4365-9480-29A8C2809C14}"
EndProject
Project("{2150E333-8FDC-42A3-9474-1A3956D46DE8}") = "Core", "Core", "{C3073783-3A74-45DA-9B7E-186A5B37AA16}"
EndProject
Project("{2150E333-8FDC-42A3-9474-1A3956D46DE8}") = "test", "test", "{EA781C06-3F27-4F44-9128-BAABCA5420C5}"
EndProject
Project("{2150E333-8FDC-42A3-9474-1A3956D46DE8}") = "Shared", "Shared", "{5E7779C3-0CA4-4938-8C42-96572D97162C}"
EndProject
Project("{FAE04EC0-301F-11D3-BF4B-00C04F79EFBC}") = "ODataV4TestClientBuildDependencies", "test\Shared\ODataV4TestClientBuildDependencies\ODataV4TestClientBuildDependencies.csproj", "{F1940463-01A2-47B6-904C-9E33C340F984}"
EndProject
Project("{FAE04EC0-301F-11D3-BF4B-00C04F79EFBC}") = "ODataV4TestClient", "test\Shared\ODataV4TestClient\ODataV4TestClient.csproj", "{1DF587DE-00C3-480C-AF19-BDB0940052CD}"
EndProject
Project("{FAE04EC0-301F-11D3-BF4B-00C04F79EFBC}") = "ODataV4TestService", "test\Shared\ODataV4TestService\ODataV4TestService.csproj", "{250F70B8-8761-4982-A6D7-1435E6D74770}"
EndProject
Project("{2150E333-8FDC-42A3-9474-1A3956D46DE8}") = "CSharpWriterUnitTests", "CSharpWriterUnitTests", "{3D4C4218-76C2-4A27-8013-C27F876019A3}"
EndProject
Project("{2150E333-8FDC-42A3-9474-1A3956D46DE8}") = "ProxyExtensions", "ProxyExtensions", "{B9D1484F-06EF-49BF-81A1-6B780FCAC0AA}"
EndProject
Project("{2150E333-8FDC-42A3-9474-1A3956D46DE8}") = "ProxyExtensionsTests", "ProxyExtensionsTests", "{9871E9CD-A446-4541-BB2A-4F3E8895272F}"
EndProject
Project("{FAE04EC0-301F-11D3-BF4B-00C04F79EFBC}") = "ProxyExtensionsUnitTests", "test\ProxyExtensionsUnitTests\ProxyExtensionsUnitTests.csproj", "{36CE7D9F-BDAC-4A51-83DF-1B1314933F68}"
EndProject
Project("{FAE04EC0-301F-11D3-BF4B-00C04F79EFBC}") = "Vipr", "src\Core\Vipr\Vipr.csproj", "{D9E57059-BAD6-483B-985C-C7D1DA24ED7F}"
EndProject
Project("{FAE04EC0-301F-11D3-BF4B-00C04F79EFBC}") = "Vipr.Core", "src\Core\Vipr.Core\Vipr.Core.csproj", "{04C24936-006A-4FD8-A872-EE55588C1CBE}"
EndProject
Project("{FAE04EC0-301F-11D3-BF4B-00C04F79EFBC}") = "CSharpWriterUnitTests", "test\CSharpWriterUnitTests\CSharpWriterUnitTests.csproj", "{F77A6E65-8A18-4401-8E02-5CB4644EC31D}"
EndProject
Project("{2150E333-8FDC-42A3-9474-1A3956D46DE8}") = "Readers", "Readers", "{62924477-56C4-40C3-AE7B-CD2CBCB13935}"
EndProject
Project("{2150E333-8FDC-42A3-9474-1A3956D46DE8}") = "Writers", "Writers", "{016282B3-A368-4D11-A200-8E1E2FFB129C}"
EndProject
Project("{FAE04EC0-301F-11D3-BF4B-00C04F79EFBC}") = "CSharpWriter", "src\Writers\CSharpWriter\CSharpWriter.csproj", "{EA55EFCF-3127-4E85-9A37-A645C06FFCC1}"
EndProject
Project("{FAE04EC0-301F-11D3-BF4B-00C04F79EFBC}") = "ODataReader.v3", "src\Readers\ODataReader.v3\ODataReader.v3.csproj", "{3439BDE9-5387-46EE-8A00-E789259F8853}"
EndProject
Project("{FAE04EC0-301F-11D3-BF4B-00C04F79EFBC}") = "ODataReader.v4", "src\Readers\ODataReader.v4\ODataReader.v4.csproj", "{6D8D8008-0A34-490F-8B38-21D9C8BF25C0}"
EndProject
Project("{2150E333-8FDC-42A3-9474-1A3956D46DE8}") = "EDMX", "EDMX", "{7E0558B9-4B29-4835-9FCB-6ABBAB048236}"
	ProjectSection(SolutionItems) = preProject
		test\Shared\Edmx\ActiveDirectory.edmx.xml = test\Shared\Edmx\ActiveDirectory.edmx.xml
		test\Shared\Edmx\CRM.edmx.xml = test\Shared\Edmx\CRM.edmx.xml
		test\Shared\Edmx\Exchange.edmx.xml = test\Shared\Edmx\Exchange.edmx.xml
		test\Shared\Edmx\OneNote.edmx.xml = test\Shared\Edmx\OneNote.edmx.xml
		test\Shared\Edmx\Sharepoint.edmx.xml = test\Shared\Edmx\Sharepoint.edmx.xml
	EndProjectSection
EndProject
Project("{2150E333-8FDC-42A3-9474-1A3956D46DE8}") = ".nuget", ".nuget", "{63D78AF4-61E2-42F6-B21F-15B101B8A1CC}"
	ProjectSection(SolutionItems) = preProject
		.nuget\packages.config = .nuget\packages.config
	EndProjectSection
EndProject
Project("{FAE04EC0-301F-11D3-BF4B-00C04F79EFBC}") = "Microsoft.OData.ProxyExtensions", "src\ProxyExtensions\Microsoft.OData.ProxyExtensions\Microsoft.OData.ProxyExtensions.csproj", "{D640A736-F1B0-4036-82A4-63CD03E945BC}"
EndProject
Project("{2150E333-8FDC-42A3-9474-1A3956D46DE8}") = "ODataReader.v3UnitTests", "ODataReader.v3UnitTests", "{9B9EB8FA-8DD2-45F4-9FC7-5B5A79DEDFF3}"
EndProject
Project("{FAE04EC0-301F-11D3-BF4B-00C04F79EFBC}") = "ODataReader.v3UnitTests", "test\ODataReader.v3UnitTests\ODataReader.v3UnitTests.csproj", "{5D8C6C01-E173-492A-9F8C-6AAF273FF14A}"
EndProject
Project("{2150E333-8FDC-42A3-9474-1A3956D46DE8}") = "ODataReader.v4UnitTests", "ODataReader.v4UnitTests", "{A37C4110-002B-443A-9DEE-374F0C2E311C}"
EndProject
Project("{FAE04EC0-301F-11D3-BF4B-00C04F79EFBC}") = "ODataReader.v4UnitTests", "test\ODataReader.v4UnitTests\ODataReader.v4UnitTests.csproj", "{0FE50B4D-1BB1-4CE5-91EA-D5046F326536}"
EndProject
Project("{FAE04EC0-301F-11D3-BF4B-00C04F79EFBC}") = "MockService", "test\Shared\MockService\MockService.csproj", "{A6C40F9C-833D-4FBD-B9F2-7800A3621875}"
EndProject
Global
	GlobalSection(SolutionConfigurationPlatforms) = preSolution
		Android|Any CPU = Android|Any CPU
		Android|ARM = Android|ARM
		Android|Mixed Platforms = Android|Mixed Platforms
		Android|x64 = Android|x64
		Android|x86 = Android|x86
		Debug|Any CPU = Debug|Any CPU
		Debug|ARM = Debug|ARM
		Debug|Mixed Platforms = Debug|Mixed Platforms
		Debug|x64 = Debug|x64
		Debug|x86 = Debug|x86
		Release|Any CPU = Release|Any CPU
		Release|ARM = Release|ARM
		Release|Mixed Platforms = Release|Mixed Platforms
		Release|x64 = Release|x64
		Release|x86 = Release|x86
		Xamarin|Any CPU = Xamarin|Any CPU
		Xamarin|ARM = Xamarin|ARM
		Xamarin|Mixed Platforms = Xamarin|Mixed Platforms
		Xamarin|x64 = Xamarin|x64
		Xamarin|x86 = Xamarin|x86
	EndGlobalSection
	GlobalSection(ProjectConfigurationPlatforms) = postSolution
		{F1940463-01A2-47B6-904C-9E33C340F984}.Android|Any CPU.ActiveCfg = Android|Any CPU
		{F1940463-01A2-47B6-904C-9E33C340F984}.Android|Any CPU.Build.0 = Android|Any CPU
		{F1940463-01A2-47B6-904C-9E33C340F984}.Android|ARM.ActiveCfg = Android|Any CPU
		{F1940463-01A2-47B6-904C-9E33C340F984}.Android|Mixed Platforms.ActiveCfg = Android|Any CPU
		{F1940463-01A2-47B6-904C-9E33C340F984}.Android|Mixed Platforms.Build.0 = Android|Any CPU
		{F1940463-01A2-47B6-904C-9E33C340F984}.Android|x64.ActiveCfg = Android|Any CPU
		{F1940463-01A2-47B6-904C-9E33C340F984}.Android|x86.ActiveCfg = Android|Any CPU
		{F1940463-01A2-47B6-904C-9E33C340F984}.Debug|Any CPU.ActiveCfg = Debug|Any CPU
		{F1940463-01A2-47B6-904C-9E33C340F984}.Debug|Any CPU.Build.0 = Debug|Any CPU
		{F1940463-01A2-47B6-904C-9E33C340F984}.Debug|ARM.ActiveCfg = Debug|Any CPU
		{F1940463-01A2-47B6-904C-9E33C340F984}.Debug|Mixed Platforms.ActiveCfg = Debug|Any CPU
		{F1940463-01A2-47B6-904C-9E33C340F984}.Debug|Mixed Platforms.Build.0 = Debug|Any CPU
		{F1940463-01A2-47B6-904C-9E33C340F984}.Debug|x64.ActiveCfg = Debug|Any CPU
		{F1940463-01A2-47B6-904C-9E33C340F984}.Debug|x86.ActiveCfg = Debug|Any CPU
		{F1940463-01A2-47B6-904C-9E33C340F984}.Release|Any CPU.ActiveCfg = Release|Any CPU
		{F1940463-01A2-47B6-904C-9E33C340F984}.Release|Any CPU.Build.0 = Release|Any CPU
		{F1940463-01A2-47B6-904C-9E33C340F984}.Release|ARM.ActiveCfg = Release|Any CPU
		{F1940463-01A2-47B6-904C-9E33C340F984}.Release|Mixed Platforms.ActiveCfg = Release|Any CPU
		{F1940463-01A2-47B6-904C-9E33C340F984}.Release|Mixed Platforms.Build.0 = Release|Any CPU
		{F1940463-01A2-47B6-904C-9E33C340F984}.Release|x64.ActiveCfg = Release|Any CPU
		{F1940463-01A2-47B6-904C-9E33C340F984}.Release|x86.ActiveCfg = Release|Any CPU
		{F1940463-01A2-47B6-904C-9E33C340F984}.Xamarin|Any CPU.ActiveCfg = Android|Any CPU
		{F1940463-01A2-47B6-904C-9E33C340F984}.Xamarin|Any CPU.Build.0 = Android|Any CPU
		{F1940463-01A2-47B6-904C-9E33C340F984}.Xamarin|ARM.ActiveCfg = Android|Any CPU
		{F1940463-01A2-47B6-904C-9E33C340F984}.Xamarin|Mixed Platforms.ActiveCfg = Android|Any CPU
		{F1940463-01A2-47B6-904C-9E33C340F984}.Xamarin|x64.ActiveCfg = Android|Any CPU
		{F1940463-01A2-47B6-904C-9E33C340F984}.Xamarin|x86.ActiveCfg = Android|Any CPU
		{1DF587DE-00C3-480C-AF19-BDB0940052CD}.Android|Any CPU.ActiveCfg = Android|Any CPU
		{1DF587DE-00C3-480C-AF19-BDB0940052CD}.Android|Any CPU.Build.0 = Android|Any CPU
		{1DF587DE-00C3-480C-AF19-BDB0940052CD}.Android|ARM.ActiveCfg = Android|Any CPU
		{1DF587DE-00C3-480C-AF19-BDB0940052CD}.Android|Mixed Platforms.ActiveCfg = Android|Any CPU
		{1DF587DE-00C3-480C-AF19-BDB0940052CD}.Android|Mixed Platforms.Build.0 = Android|Any CPU
		{1DF587DE-00C3-480C-AF19-BDB0940052CD}.Android|x64.ActiveCfg = Android|Any CPU
		{1DF587DE-00C3-480C-AF19-BDB0940052CD}.Android|x86.ActiveCfg = Android|Any CPU
		{1DF587DE-00C3-480C-AF19-BDB0940052CD}.Debug|Any CPU.ActiveCfg = Debug|Any CPU
		{1DF587DE-00C3-480C-AF19-BDB0940052CD}.Debug|Any CPU.Build.0 = Debug|Any CPU
		{1DF587DE-00C3-480C-AF19-BDB0940052CD}.Debug|ARM.ActiveCfg = Debug|Any CPU
		{1DF587DE-00C3-480C-AF19-BDB0940052CD}.Debug|Mixed Platforms.ActiveCfg = Debug|Any CPU
		{1DF587DE-00C3-480C-AF19-BDB0940052CD}.Debug|Mixed Platforms.Build.0 = Debug|Any CPU
		{1DF587DE-00C3-480C-AF19-BDB0940052CD}.Debug|x64.ActiveCfg = Debug|Any CPU
		{1DF587DE-00C3-480C-AF19-BDB0940052CD}.Debug|x86.ActiveCfg = Debug|Any CPU
		{1DF587DE-00C3-480C-AF19-BDB0940052CD}.Release|Any CPU.ActiveCfg = Release|Any CPU
		{1DF587DE-00C3-480C-AF19-BDB0940052CD}.Release|Any CPU.Build.0 = Release|Any CPU
		{1DF587DE-00C3-480C-AF19-BDB0940052CD}.Release|ARM.ActiveCfg = Release|Any CPU
		{1DF587DE-00C3-480C-AF19-BDB0940052CD}.Release|Mixed Platforms.ActiveCfg = Release|Any CPU
		{1DF587DE-00C3-480C-AF19-BDB0940052CD}.Release|Mixed Platforms.Build.0 = Release|Any CPU
		{1DF587DE-00C3-480C-AF19-BDB0940052CD}.Release|x64.ActiveCfg = Release|Any CPU
		{1DF587DE-00C3-480C-AF19-BDB0940052CD}.Release|x86.ActiveCfg = Release|Any CPU
		{1DF587DE-00C3-480C-AF19-BDB0940052CD}.Xamarin|Any CPU.ActiveCfg = Android|Any CPU
		{1DF587DE-00C3-480C-AF19-BDB0940052CD}.Xamarin|Any CPU.Build.0 = Android|Any CPU
		{1DF587DE-00C3-480C-AF19-BDB0940052CD}.Xamarin|ARM.ActiveCfg = Android|Any CPU
		{1DF587DE-00C3-480C-AF19-BDB0940052CD}.Xamarin|Mixed Platforms.ActiveCfg = Android|Any CPU
		{1DF587DE-00C3-480C-AF19-BDB0940052CD}.Xamarin|x64.ActiveCfg = Android|Any CPU
		{1DF587DE-00C3-480C-AF19-BDB0940052CD}.Xamarin|x86.ActiveCfg = Android|Any CPU
		{250F70B8-8761-4982-A6D7-1435E6D74770}.Android|Any CPU.ActiveCfg = Android|Any CPU
		{250F70B8-8761-4982-A6D7-1435E6D74770}.Android|Any CPU.Build.0 = Android|Any CPU
		{250F70B8-8761-4982-A6D7-1435E6D74770}.Android|ARM.ActiveCfg = Android|Any CPU
		{250F70B8-8761-4982-A6D7-1435E6D74770}.Android|Mixed Platforms.ActiveCfg = Android|Any CPU
		{250F70B8-8761-4982-A6D7-1435E6D74770}.Android|Mixed Platforms.Build.0 = Android|Any CPU
		{250F70B8-8761-4982-A6D7-1435E6D74770}.Android|x64.ActiveCfg = Android|Any CPU
		{250F70B8-8761-4982-A6D7-1435E6D74770}.Android|x86.ActiveCfg = Android|Any CPU
		{250F70B8-8761-4982-A6D7-1435E6D74770}.Debug|Any CPU.ActiveCfg = Debug|Any CPU
		{250F70B8-8761-4982-A6D7-1435E6D74770}.Debug|Any CPU.Build.0 = Debug|Any CPU
		{250F70B8-8761-4982-A6D7-1435E6D74770}.Debug|ARM.ActiveCfg = Debug|Any CPU
		{250F70B8-8761-4982-A6D7-1435E6D74770}.Debug|Mixed Platforms.ActiveCfg = Debug|Any CPU
		{250F70B8-8761-4982-A6D7-1435E6D74770}.Debug|Mixed Platforms.Build.0 = Debug|Any CPU
		{250F70B8-8761-4982-A6D7-1435E6D74770}.Debug|x64.ActiveCfg = Debug|Any CPU
		{250F70B8-8761-4982-A6D7-1435E6D74770}.Debug|x86.ActiveCfg = Debug|Any CPU
		{250F70B8-8761-4982-A6D7-1435E6D74770}.Release|Any CPU.ActiveCfg = Release|Any CPU
		{250F70B8-8761-4982-A6D7-1435E6D74770}.Release|Any CPU.Build.0 = Release|Any CPU
		{250F70B8-8761-4982-A6D7-1435E6D74770}.Release|ARM.ActiveCfg = Release|Any CPU
		{250F70B8-8761-4982-A6D7-1435E6D74770}.Release|Mixed Platforms.ActiveCfg = Release|Any CPU
		{250F70B8-8761-4982-A6D7-1435E6D74770}.Release|Mixed Platforms.Build.0 = Release|Any CPU
		{250F70B8-8761-4982-A6D7-1435E6D74770}.Release|x64.ActiveCfg = Release|Any CPU
		{250F70B8-8761-4982-A6D7-1435E6D74770}.Release|x86.ActiveCfg = Release|Any CPU
		{250F70B8-8761-4982-A6D7-1435E6D74770}.Xamarin|Any CPU.ActiveCfg = Android|Any CPU
		{250F70B8-8761-4982-A6D7-1435E6D74770}.Xamarin|Any CPU.Build.0 = Android|Any CPU
		{250F70B8-8761-4982-A6D7-1435E6D74770}.Xamarin|ARM.ActiveCfg = Android|Any CPU
		{250F70B8-8761-4982-A6D7-1435E6D74770}.Xamarin|Mixed Platforms.ActiveCfg = Android|Any CPU
		{250F70B8-8761-4982-A6D7-1435E6D74770}.Xamarin|x64.ActiveCfg = Android|Any CPU
		{250F70B8-8761-4982-A6D7-1435E6D74770}.Xamarin|x86.ActiveCfg = Android|Any CPU
		{36CE7D9F-BDAC-4A51-83DF-1B1314933F68}.Android|Any CPU.ActiveCfg = Release|Any CPU
		{36CE7D9F-BDAC-4A51-83DF-1B1314933F68}.Android|Any CPU.Build.0 = Release|Any CPU
		{36CE7D9F-BDAC-4A51-83DF-1B1314933F68}.Android|ARM.ActiveCfg = Release|Any CPU
		{36CE7D9F-BDAC-4A51-83DF-1B1314933F68}.Android|Mixed Platforms.ActiveCfg = Release|Any CPU
		{36CE7D9F-BDAC-4A51-83DF-1B1314933F68}.Android|Mixed Platforms.Build.0 = Release|Any CPU
		{36CE7D9F-BDAC-4A51-83DF-1B1314933F68}.Android|x64.ActiveCfg = Release|Any CPU
		{36CE7D9F-BDAC-4A51-83DF-1B1314933F68}.Android|x86.ActiveCfg = Release|Any CPU
		{36CE7D9F-BDAC-4A51-83DF-1B1314933F68}.Debug|Any CPU.ActiveCfg = Debug|Any CPU
		{36CE7D9F-BDAC-4A51-83DF-1B1314933F68}.Debug|Any CPU.Build.0 = Debug|Any CPU
		{36CE7D9F-BDAC-4A51-83DF-1B1314933F68}.Debug|ARM.ActiveCfg = Debug|Any CPU
		{36CE7D9F-BDAC-4A51-83DF-1B1314933F68}.Debug|Mixed Platforms.ActiveCfg = Debug|Any CPU
		{36CE7D9F-BDAC-4A51-83DF-1B1314933F68}.Debug|Mixed Platforms.Build.0 = Debug|Any CPU
		{36CE7D9F-BDAC-4A51-83DF-1B1314933F68}.Debug|x64.ActiveCfg = Debug|Any CPU
		{36CE7D9F-BDAC-4A51-83DF-1B1314933F68}.Debug|x86.ActiveCfg = Debug|Any CPU
		{36CE7D9F-BDAC-4A51-83DF-1B1314933F68}.Release|Any CPU.ActiveCfg = Release|Any CPU
		{36CE7D9F-BDAC-4A51-83DF-1B1314933F68}.Release|Any CPU.Build.0 = Release|Any CPU
		{36CE7D9F-BDAC-4A51-83DF-1B1314933F68}.Release|ARM.ActiveCfg = Release|Any CPU
		{36CE7D9F-BDAC-4A51-83DF-1B1314933F68}.Release|Mixed Platforms.ActiveCfg = Release|Any CPU
		{36CE7D9F-BDAC-4A51-83DF-1B1314933F68}.Release|Mixed Platforms.Build.0 = Release|Any CPU
		{36CE7D9F-BDAC-4A51-83DF-1B1314933F68}.Release|x64.ActiveCfg = Release|Any CPU
		{36CE7D9F-BDAC-4A51-83DF-1B1314933F68}.Release|x86.ActiveCfg = Release|Any CPU
		{36CE7D9F-BDAC-4A51-83DF-1B1314933F68}.Xamarin|Any CPU.ActiveCfg = Release|Any CPU
		{36CE7D9F-BDAC-4A51-83DF-1B1314933F68}.Xamarin|Any CPU.Build.0 = Release|Any CPU
		{36CE7D9F-BDAC-4A51-83DF-1B1314933F68}.Xamarin|ARM.ActiveCfg = Release|Any CPU
		{36CE7D9F-BDAC-4A51-83DF-1B1314933F68}.Xamarin|Mixed Platforms.ActiveCfg = Release|Any CPU
		{36CE7D9F-BDAC-4A51-83DF-1B1314933F68}.Xamarin|Mixed Platforms.Build.0 = Release|Any CPU
		{36CE7D9F-BDAC-4A51-83DF-1B1314933F68}.Xamarin|x64.ActiveCfg = Release|Any CPU
		{36CE7D9F-BDAC-4A51-83DF-1B1314933F68}.Xamarin|x86.ActiveCfg = Release|Any CPU
		{D9E57059-BAD6-483B-985C-C7D1DA24ED7F}.Android|Any CPU.ActiveCfg = Release|Any CPU
		{D9E57059-BAD6-483B-985C-C7D1DA24ED7F}.Android|Any CPU.Build.0 = Release|Any CPU
		{D9E57059-BAD6-483B-985C-C7D1DA24ED7F}.Android|ARM.ActiveCfg = Release|Any CPU
		{D9E57059-BAD6-483B-985C-C7D1DA24ED7F}.Android|Mixed Platforms.ActiveCfg = Release|Any CPU
		{D9E57059-BAD6-483B-985C-C7D1DA24ED7F}.Android|Mixed Platforms.Build.0 = Release|Any CPU
		{D9E57059-BAD6-483B-985C-C7D1DA24ED7F}.Android|x64.ActiveCfg = Release|Any CPU
		{D9E57059-BAD6-483B-985C-C7D1DA24ED7F}.Android|x86.ActiveCfg = Release|Any CPU
		{D9E57059-BAD6-483B-985C-C7D1DA24ED7F}.Debug|Any CPU.ActiveCfg = Debug|Any CPU
		{D9E57059-BAD6-483B-985C-C7D1DA24ED7F}.Debug|Any CPU.Build.0 = Debug|Any CPU
		{D9E57059-BAD6-483B-985C-C7D1DA24ED7F}.Debug|ARM.ActiveCfg = Debug|Any CPU
		{D9E57059-BAD6-483B-985C-C7D1DA24ED7F}.Debug|Mixed Platforms.ActiveCfg = Debug|Any CPU
		{D9E57059-BAD6-483B-985C-C7D1DA24ED7F}.Debug|Mixed Platforms.Build.0 = Debug|Any CPU
		{D9E57059-BAD6-483B-985C-C7D1DA24ED7F}.Debug|x64.ActiveCfg = Debug|Any CPU
		{D9E57059-BAD6-483B-985C-C7D1DA24ED7F}.Debug|x86.ActiveCfg = Debug|Any CPU
		{D9E57059-BAD6-483B-985C-C7D1DA24ED7F}.Release|Any CPU.ActiveCfg = Release|Any CPU
		{D9E57059-BAD6-483B-985C-C7D1DA24ED7F}.Release|Any CPU.Build.0 = Release|Any CPU
		{D9E57059-BAD6-483B-985C-C7D1DA24ED7F}.Release|ARM.ActiveCfg = Release|Any CPU
		{D9E57059-BAD6-483B-985C-C7D1DA24ED7F}.Release|Mixed Platforms.ActiveCfg = Release|Any CPU
		{D9E57059-BAD6-483B-985C-C7D1DA24ED7F}.Release|Mixed Platforms.Build.0 = Release|Any CPU
		{D9E57059-BAD6-483B-985C-C7D1DA24ED7F}.Release|x64.ActiveCfg = Release|Any CPU
		{D9E57059-BAD6-483B-985C-C7D1DA24ED7F}.Release|x86.ActiveCfg = Release|Any CPU
		{D9E57059-BAD6-483B-985C-C7D1DA24ED7F}.Xamarin|Any CPU.ActiveCfg = Release|Any CPU
		{D9E57059-BAD6-483B-985C-C7D1DA24ED7F}.Xamarin|Any CPU.Build.0 = Release|Any CPU
		{D9E57059-BAD6-483B-985C-C7D1DA24ED7F}.Xamarin|ARM.ActiveCfg = Release|Any CPU
		{D9E57059-BAD6-483B-985C-C7D1DA24ED7F}.Xamarin|Mixed Platforms.ActiveCfg = Release|Any CPU
		{D9E57059-BAD6-483B-985C-C7D1DA24ED7F}.Xamarin|Mixed Platforms.Build.0 = Release|Any CPU
		{D9E57059-BAD6-483B-985C-C7D1DA24ED7F}.Xamarin|x64.ActiveCfg = Release|Any CPU
		{D9E57059-BAD6-483B-985C-C7D1DA24ED7F}.Xamarin|x86.ActiveCfg = Release|Any CPU
		{04C24936-006A-4FD8-A872-EE55588C1CBE}.Android|Any CPU.ActiveCfg = Release|Any CPU
		{04C24936-006A-4FD8-A872-EE55588C1CBE}.Android|Any CPU.Build.0 = Release|Any CPU
		{04C24936-006A-4FD8-A872-EE55588C1CBE}.Android|ARM.ActiveCfg = Release|Any CPU
		{04C24936-006A-4FD8-A872-EE55588C1CBE}.Android|Mixed Platforms.ActiveCfg = Release|Any CPU
		{04C24936-006A-4FD8-A872-EE55588C1CBE}.Android|Mixed Platforms.Build.0 = Release|Any CPU
		{04C24936-006A-4FD8-A872-EE55588C1CBE}.Android|x64.ActiveCfg = Release|Any CPU
		{04C24936-006A-4FD8-A872-EE55588C1CBE}.Android|x86.ActiveCfg = Release|Any CPU
		{04C24936-006A-4FD8-A872-EE55588C1CBE}.Debug|Any CPU.ActiveCfg = Debug|Any CPU
		{04C24936-006A-4FD8-A872-EE55588C1CBE}.Debug|Any CPU.Build.0 = Debug|Any CPU
		{04C24936-006A-4FD8-A872-EE55588C1CBE}.Debug|ARM.ActiveCfg = Debug|Any CPU
		{04C24936-006A-4FD8-A872-EE55588C1CBE}.Debug|Mixed Platforms.ActiveCfg = Debug|Any CPU
		{04C24936-006A-4FD8-A872-EE55588C1CBE}.Debug|Mixed Platforms.Build.0 = Debug|Any CPU
		{04C24936-006A-4FD8-A872-EE55588C1CBE}.Debug|x64.ActiveCfg = Debug|Any CPU
		{04C24936-006A-4FD8-A872-EE55588C1CBE}.Debug|x86.ActiveCfg = Debug|Any CPU
		{04C24936-006A-4FD8-A872-EE55588C1CBE}.Release|Any CPU.ActiveCfg = Release|Any CPU
		{04C24936-006A-4FD8-A872-EE55588C1CBE}.Release|Any CPU.Build.0 = Release|Any CPU
		{04C24936-006A-4FD8-A872-EE55588C1CBE}.Release|ARM.ActiveCfg = Release|Any CPU
		{04C24936-006A-4FD8-A872-EE55588C1CBE}.Release|Mixed Platforms.ActiveCfg = Release|Any CPU
		{04C24936-006A-4FD8-A872-EE55588C1CBE}.Release|Mixed Platforms.Build.0 = Release|Any CPU
		{04C24936-006A-4FD8-A872-EE55588C1CBE}.Release|x64.ActiveCfg = Release|Any CPU
		{04C24936-006A-4FD8-A872-EE55588C1CBE}.Release|x86.ActiveCfg = Release|Any CPU
		{04C24936-006A-4FD8-A872-EE55588C1CBE}.Xamarin|Any CPU.ActiveCfg = Release|Any CPU
		{04C24936-006A-4FD8-A872-EE55588C1CBE}.Xamarin|Any CPU.Build.0 = Release|Any CPU
		{04C24936-006A-4FD8-A872-EE55588C1CBE}.Xamarin|ARM.ActiveCfg = Release|Any CPU
		{04C24936-006A-4FD8-A872-EE55588C1CBE}.Xamarin|Mixed Platforms.ActiveCfg = Release|Any CPU
		{04C24936-006A-4FD8-A872-EE55588C1CBE}.Xamarin|Mixed Platforms.Build.0 = Release|Any CPU
		{04C24936-006A-4FD8-A872-EE55588C1CBE}.Xamarin|x64.ActiveCfg = Release|Any CPU
		{04C24936-006A-4FD8-A872-EE55588C1CBE}.Xamarin|x86.ActiveCfg = Release|Any CPU
		{F77A6E65-8A18-4401-8E02-5CB4644EC31D}.Android|Any CPU.ActiveCfg = Release|Any CPU
		{F77A6E65-8A18-4401-8E02-5CB4644EC31D}.Android|Any CPU.Build.0 = Release|Any CPU
		{F77A6E65-8A18-4401-8E02-5CB4644EC31D}.Android|ARM.ActiveCfg = Release|Any CPU
		{F77A6E65-8A18-4401-8E02-5CB4644EC31D}.Android|Mixed Platforms.ActiveCfg = Release|Any CPU
		{F77A6E65-8A18-4401-8E02-5CB4644EC31D}.Android|Mixed Platforms.Build.0 = Release|Any CPU
		{F77A6E65-8A18-4401-8E02-5CB4644EC31D}.Android|x64.ActiveCfg = Release|Any CPU
		{F77A6E65-8A18-4401-8E02-5CB4644EC31D}.Android|x86.ActiveCfg = Release|Any CPU
		{F77A6E65-8A18-4401-8E02-5CB4644EC31D}.Debug|Any CPU.ActiveCfg = Debug|Any CPU
		{F77A6E65-8A18-4401-8E02-5CB4644EC31D}.Debug|Any CPU.Build.0 = Debug|Any CPU
		{F77A6E65-8A18-4401-8E02-5CB4644EC31D}.Debug|ARM.ActiveCfg = Debug|Any CPU
		{F77A6E65-8A18-4401-8E02-5CB4644EC31D}.Debug|Mixed Platforms.ActiveCfg = Debug|Any CPU
		{F77A6E65-8A18-4401-8E02-5CB4644EC31D}.Debug|Mixed Platforms.Build.0 = Debug|Any CPU
		{F77A6E65-8A18-4401-8E02-5CB4644EC31D}.Debug|x64.ActiveCfg = Debug|Any CPU
		{F77A6E65-8A18-4401-8E02-5CB4644EC31D}.Debug|x86.ActiveCfg = Debug|Any CPU
		{F77A6E65-8A18-4401-8E02-5CB4644EC31D}.Release|Any CPU.ActiveCfg = Release|Any CPU
		{F77A6E65-8A18-4401-8E02-5CB4644EC31D}.Release|Any CPU.Build.0 = Release|Any CPU
		{F77A6E65-8A18-4401-8E02-5CB4644EC31D}.Release|ARM.ActiveCfg = Release|Any CPU
		{F77A6E65-8A18-4401-8E02-5CB4644EC31D}.Release|Mixed Platforms.ActiveCfg = Release|Any CPU
		{F77A6E65-8A18-4401-8E02-5CB4644EC31D}.Release|Mixed Platforms.Build.0 = Release|Any CPU
		{F77A6E65-8A18-4401-8E02-5CB4644EC31D}.Release|x64.ActiveCfg = Release|Any CPU
		{F77A6E65-8A18-4401-8E02-5CB4644EC31D}.Release|x86.ActiveCfg = Release|Any CPU
		{F77A6E65-8A18-4401-8E02-5CB4644EC31D}.Xamarin|Any CPU.ActiveCfg = Release|Any CPU
		{F77A6E65-8A18-4401-8E02-5CB4644EC31D}.Xamarin|Any CPU.Build.0 = Release|Any CPU
		{F77A6E65-8A18-4401-8E02-5CB4644EC31D}.Xamarin|ARM.ActiveCfg = Release|Any CPU
		{F77A6E65-8A18-4401-8E02-5CB4644EC31D}.Xamarin|Mixed Platforms.ActiveCfg = Release|Any CPU
		{F77A6E65-8A18-4401-8E02-5CB4644EC31D}.Xamarin|Mixed Platforms.Build.0 = Release|Any CPU
		{F77A6E65-8A18-4401-8E02-5CB4644EC31D}.Xamarin|x64.ActiveCfg = Release|Any CPU
		{F77A6E65-8A18-4401-8E02-5CB4644EC31D}.Xamarin|x86.ActiveCfg = Release|Any CPU
		{EA55EFCF-3127-4E85-9A37-A645C06FFCC1}.Android|Any CPU.ActiveCfg = Release|Any CPU
		{EA55EFCF-3127-4E85-9A37-A645C06FFCC1}.Android|Any CPU.Build.0 = Release|Any CPU
		{EA55EFCF-3127-4E85-9A37-A645C06FFCC1}.Android|ARM.ActiveCfg = Release|Any CPU
		{EA55EFCF-3127-4E85-9A37-A645C06FFCC1}.Android|Mixed Platforms.ActiveCfg = Release|Any CPU
		{EA55EFCF-3127-4E85-9A37-A645C06FFCC1}.Android|Mixed Platforms.Build.0 = Release|Any CPU
		{EA55EFCF-3127-4E85-9A37-A645C06FFCC1}.Android|x64.ActiveCfg = Release|Any CPU
		{EA55EFCF-3127-4E85-9A37-A645C06FFCC1}.Android|x86.ActiveCfg = Release|Any CPU
		{EA55EFCF-3127-4E85-9A37-A645C06FFCC1}.Debug|Any CPU.ActiveCfg = Debug|Any CPU
		{EA55EFCF-3127-4E85-9A37-A645C06FFCC1}.Debug|Any CPU.Build.0 = Debug|Any CPU
		{EA55EFCF-3127-4E85-9A37-A645C06FFCC1}.Debug|ARM.ActiveCfg = Debug|Any CPU
		{EA55EFCF-3127-4E85-9A37-A645C06FFCC1}.Debug|Mixed Platforms.ActiveCfg = Debug|Any CPU
		{EA55EFCF-3127-4E85-9A37-A645C06FFCC1}.Debug|Mixed Platforms.Build.0 = Debug|Any CPU
		{EA55EFCF-3127-4E85-9A37-A645C06FFCC1}.Debug|x64.ActiveCfg = Debug|Any CPU
		{EA55EFCF-3127-4E85-9A37-A645C06FFCC1}.Debug|x86.ActiveCfg = Debug|Any CPU
		{EA55EFCF-3127-4E85-9A37-A645C06FFCC1}.Release|Any CPU.ActiveCfg = Release|Any CPU
		{EA55EFCF-3127-4E85-9A37-A645C06FFCC1}.Release|Any CPU.Build.0 = Release|Any CPU
		{EA55EFCF-3127-4E85-9A37-A645C06FFCC1}.Release|ARM.ActiveCfg = Release|Any CPU
		{EA55EFCF-3127-4E85-9A37-A645C06FFCC1}.Release|Mixed Platforms.ActiveCfg = Release|Any CPU
		{EA55EFCF-3127-4E85-9A37-A645C06FFCC1}.Release|Mixed Platforms.Build.0 = Release|Any CPU
		{EA55EFCF-3127-4E85-9A37-A645C06FFCC1}.Release|x64.ActiveCfg = Release|Any CPU
		{EA55EFCF-3127-4E85-9A37-A645C06FFCC1}.Release|x86.ActiveCfg = Release|Any CPU
		{EA55EFCF-3127-4E85-9A37-A645C06FFCC1}.Xamarin|Any CPU.ActiveCfg = Release|Any CPU
		{EA55EFCF-3127-4E85-9A37-A645C06FFCC1}.Xamarin|Any CPU.Build.0 = Release|Any CPU
		{EA55EFCF-3127-4E85-9A37-A645C06FFCC1}.Xamarin|ARM.ActiveCfg = Release|Any CPU
		{EA55EFCF-3127-4E85-9A37-A645C06FFCC1}.Xamarin|Mixed Platforms.ActiveCfg = Release|Any CPU
		{EA55EFCF-3127-4E85-9A37-A645C06FFCC1}.Xamarin|Mixed Platforms.Build.0 = Release|Any CPU
		{EA55EFCF-3127-4E85-9A37-A645C06FFCC1}.Xamarin|x64.ActiveCfg = Release|Any CPU
		{EA55EFCF-3127-4E85-9A37-A645C06FFCC1}.Xamarin|x86.ActiveCfg = Release|Any CPU
		{3439BDE9-5387-46EE-8A00-E789259F8853}.Android|Any CPU.ActiveCfg = Release|Any CPU
		{3439BDE9-5387-46EE-8A00-E789259F8853}.Android|Any CPU.Build.0 = Release|Any CPU
		{3439BDE9-5387-46EE-8A00-E789259F8853}.Android|ARM.ActiveCfg = Release|Any CPU
		{3439BDE9-5387-46EE-8A00-E789259F8853}.Android|Mixed Platforms.ActiveCfg = Release|Any CPU
		{3439BDE9-5387-46EE-8A00-E789259F8853}.Android|Mixed Platforms.Build.0 = Release|Any CPU
		{3439BDE9-5387-46EE-8A00-E789259F8853}.Android|x64.ActiveCfg = Release|Any CPU
		{3439BDE9-5387-46EE-8A00-E789259F8853}.Android|x86.ActiveCfg = Release|Any CPU
		{3439BDE9-5387-46EE-8A00-E789259F8853}.Debug|Any CPU.ActiveCfg = Debug|Any CPU
		{3439BDE9-5387-46EE-8A00-E789259F8853}.Debug|Any CPU.Build.0 = Debug|Any CPU
		{3439BDE9-5387-46EE-8A00-E789259F8853}.Debug|ARM.ActiveCfg = Debug|Any CPU
		{3439BDE9-5387-46EE-8A00-E789259F8853}.Debug|Mixed Platforms.ActiveCfg = Debug|Any CPU
		{3439BDE9-5387-46EE-8A00-E789259F8853}.Debug|Mixed Platforms.Build.0 = Debug|Any CPU
		{3439BDE9-5387-46EE-8A00-E789259F8853}.Debug|x64.ActiveCfg = Debug|Any CPU
		{3439BDE9-5387-46EE-8A00-E789259F8853}.Debug|x86.ActiveCfg = Debug|Any CPU
		{3439BDE9-5387-46EE-8A00-E789259F8853}.Release|Any CPU.ActiveCfg = Release|Any CPU
		{3439BDE9-5387-46EE-8A00-E789259F8853}.Release|Any CPU.Build.0 = Release|Any CPU
		{3439BDE9-5387-46EE-8A00-E789259F8853}.Release|ARM.ActiveCfg = Release|Any CPU
		{3439BDE9-5387-46EE-8A00-E789259F8853}.Release|Mixed Platforms.ActiveCfg = Release|Any CPU
		{3439BDE9-5387-46EE-8A00-E789259F8853}.Release|Mixed Platforms.Build.0 = Release|Any CPU
		{3439BDE9-5387-46EE-8A00-E789259F8853}.Release|x64.ActiveCfg = Release|Any CPU
		{3439BDE9-5387-46EE-8A00-E789259F8853}.Release|x86.ActiveCfg = Release|Any CPU
		{3439BDE9-5387-46EE-8A00-E789259F8853}.Xamarin|Any CPU.ActiveCfg = Release|Any CPU
		{3439BDE9-5387-46EE-8A00-E789259F8853}.Xamarin|Any CPU.Build.0 = Release|Any CPU
		{3439BDE9-5387-46EE-8A00-E789259F8853}.Xamarin|ARM.ActiveCfg = Release|Any CPU
		{3439BDE9-5387-46EE-8A00-E789259F8853}.Xamarin|Mixed Platforms.ActiveCfg = Release|Any CPU
		{3439BDE9-5387-46EE-8A00-E789259F8853}.Xamarin|Mixed Platforms.Build.0 = Release|Any CPU
		{3439BDE9-5387-46EE-8A00-E789259F8853}.Xamarin|x64.ActiveCfg = Release|Any CPU
		{3439BDE9-5387-46EE-8A00-E789259F8853}.Xamarin|x86.ActiveCfg = Release|Any CPU
		{6D8D8008-0A34-490F-8B38-21D9C8BF25C0}.Android|Any CPU.ActiveCfg = Release|Any CPU
		{6D8D8008-0A34-490F-8B38-21D9C8BF25C0}.Android|Any CPU.Build.0 = Release|Any CPU
		{6D8D8008-0A34-490F-8B38-21D9C8BF25C0}.Android|ARM.ActiveCfg = Release|Any CPU
		{6D8D8008-0A34-490F-8B38-21D9C8BF25C0}.Android|Mixed Platforms.ActiveCfg = Release|Any CPU
		{6D8D8008-0A34-490F-8B38-21D9C8BF25C0}.Android|Mixed Platforms.Build.0 = Release|Any CPU
		{6D8D8008-0A34-490F-8B38-21D9C8BF25C0}.Android|x64.ActiveCfg = Release|Any CPU
		{6D8D8008-0A34-490F-8B38-21D9C8BF25C0}.Android|x86.ActiveCfg = Release|Any CPU
		{6D8D8008-0A34-490F-8B38-21D9C8BF25C0}.Debug|Any CPU.ActiveCfg = Debug|Any CPU
		{6D8D8008-0A34-490F-8B38-21D9C8BF25C0}.Debug|Any CPU.Build.0 = Debug|Any CPU
		{6D8D8008-0A34-490F-8B38-21D9C8BF25C0}.Debug|ARM.ActiveCfg = Debug|Any CPU
		{6D8D8008-0A34-490F-8B38-21D9C8BF25C0}.Debug|Mixed Platforms.ActiveCfg = Debug|Any CPU
		{6D8D8008-0A34-490F-8B38-21D9C8BF25C0}.Debug|Mixed Platforms.Build.0 = Debug|Any CPU
		{6D8D8008-0A34-490F-8B38-21D9C8BF25C0}.Debug|x64.ActiveCfg = Debug|Any CPU
		{6D8D8008-0A34-490F-8B38-21D9C8BF25C0}.Debug|x86.ActiveCfg = Debug|Any CPU
		{6D8D8008-0A34-490F-8B38-21D9C8BF25C0}.Release|Any CPU.ActiveCfg = Release|Any CPU
		{6D8D8008-0A34-490F-8B38-21D9C8BF25C0}.Release|Any CPU.Build.0 = Release|Any CPU
		{6D8D8008-0A34-490F-8B38-21D9C8BF25C0}.Release|ARM.ActiveCfg = Release|Any CPU
		{6D8D8008-0A34-490F-8B38-21D9C8BF25C0}.Release|Mixed Platforms.ActiveCfg = Release|Any CPU
		{6D8D8008-0A34-490F-8B38-21D9C8BF25C0}.Release|Mixed Platforms.Build.0 = Release|Any CPU
		{6D8D8008-0A34-490F-8B38-21D9C8BF25C0}.Release|x64.ActiveCfg = Release|Any CPU
		{6D8D8008-0A34-490F-8B38-21D9C8BF25C0}.Release|x86.ActiveCfg = Release|Any CPU
		{6D8D8008-0A34-490F-8B38-21D9C8BF25C0}.Xamarin|Any CPU.ActiveCfg = Release|Any CPU
		{6D8D8008-0A34-490F-8B38-21D9C8BF25C0}.Xamarin|Any CPU.Build.0 = Release|Any CPU
		{6D8D8008-0A34-490F-8B38-21D9C8BF25C0}.Xamarin|ARM.ActiveCfg = Release|Any CPU
		{6D8D8008-0A34-490F-8B38-21D9C8BF25C0}.Xamarin|Mixed Platforms.ActiveCfg = Release|Any CPU
		{6D8D8008-0A34-490F-8B38-21D9C8BF25C0}.Xamarin|Mixed Platforms.Build.0 = Release|Any CPU
		{6D8D8008-0A34-490F-8B38-21D9C8BF25C0}.Xamarin|x64.ActiveCfg = Release|Any CPU
		{6D8D8008-0A34-490F-8B38-21D9C8BF25C0}.Xamarin|x86.ActiveCfg = Release|Any CPU
		{D640A736-F1B0-4036-82A4-63CD03E945BC}.Android|Any CPU.ActiveCfg = Release|Any CPU
		{D640A736-F1B0-4036-82A4-63CD03E945BC}.Android|Any CPU.Build.0 = Release|Any CPU
		{D640A736-F1B0-4036-82A4-63CD03E945BC}.Android|ARM.ActiveCfg = Release|Any CPU
		{D640A736-F1B0-4036-82A4-63CD03E945BC}.Android|Mixed Platforms.ActiveCfg = Release|Any CPU
		{D640A736-F1B0-4036-82A4-63CD03E945BC}.Android|Mixed Platforms.Build.0 = Release|Any CPU
		{D640A736-F1B0-4036-82A4-63CD03E945BC}.Android|x64.ActiveCfg = Release|Any CPU
		{D640A736-F1B0-4036-82A4-63CD03E945BC}.Android|x86.ActiveCfg = Release|Any CPU
		{D640A736-F1B0-4036-82A4-63CD03E945BC}.Debug|Any CPU.ActiveCfg = Debug|Any CPU
		{D640A736-F1B0-4036-82A4-63CD03E945BC}.Debug|Any CPU.Build.0 = Debug|Any CPU
		{D640A736-F1B0-4036-82A4-63CD03E945BC}.Debug|ARM.ActiveCfg = Debug|Any CPU
		{D640A736-F1B0-4036-82A4-63CD03E945BC}.Debug|Mixed Platforms.ActiveCfg = Debug|Any CPU
		{D640A736-F1B0-4036-82A4-63CD03E945BC}.Debug|Mixed Platforms.Build.0 = Debug|Any CPU
		{D640A736-F1B0-4036-82A4-63CD03E945BC}.Debug|x64.ActiveCfg = Debug|Any CPU
		{D640A736-F1B0-4036-82A4-63CD03E945BC}.Debug|x86.ActiveCfg = Debug|Any CPU
		{D640A736-F1B0-4036-82A4-63CD03E945BC}.Release|Any CPU.ActiveCfg = Release|Any CPU
		{D640A736-F1B0-4036-82A4-63CD03E945BC}.Release|Any CPU.Build.0 = Release|Any CPU
		{D640A736-F1B0-4036-82A4-63CD03E945BC}.Release|ARM.ActiveCfg = Release|Any CPU
		{D640A736-F1B0-4036-82A4-63CD03E945BC}.Release|Mixed Platforms.ActiveCfg = Release|Any CPU
		{D640A736-F1B0-4036-82A4-63CD03E945BC}.Release|Mixed Platforms.Build.0 = Release|Any CPU
		{D640A736-F1B0-4036-82A4-63CD03E945BC}.Release|x64.ActiveCfg = Release|Any CPU
		{D640A736-F1B0-4036-82A4-63CD03E945BC}.Release|x86.ActiveCfg = Release|Any CPU
		{D640A736-F1B0-4036-82A4-63CD03E945BC}.Xamarin|Any CPU.ActiveCfg = Release|Any CPU
		{D640A736-F1B0-4036-82A4-63CD03E945BC}.Xamarin|Any CPU.Build.0 = Release|Any CPU
		{D640A736-F1B0-4036-82A4-63CD03E945BC}.Xamarin|ARM.ActiveCfg = Release|Any CPU
		{D640A736-F1B0-4036-82A4-63CD03E945BC}.Xamarin|Mixed Platforms.ActiveCfg = Release|Any CPU
		{D640A736-F1B0-4036-82A4-63CD03E945BC}.Xamarin|Mixed Platforms.Build.0 = Release|Any CPU
		{D640A736-F1B0-4036-82A4-63CD03E945BC}.Xamarin|x64.ActiveCfg = Release|Any CPU
		{D640A736-F1B0-4036-82A4-63CD03E945BC}.Xamarin|x86.ActiveCfg = Release|Any CPU
		{5D8C6C01-E173-492A-9F8C-6AAF273FF14A}.Android|Any CPU.ActiveCfg = Release|Any CPU
		{5D8C6C01-E173-492A-9F8C-6AAF273FF14A}.Android|Any CPU.Build.0 = Release|Any CPU
		{5D8C6C01-E173-492A-9F8C-6AAF273FF14A}.Android|ARM.ActiveCfg = Release|Any CPU
		{5D8C6C01-E173-492A-9F8C-6AAF273FF14A}.Android|Mixed Platforms.ActiveCfg = Release|Any CPU
		{5D8C6C01-E173-492A-9F8C-6AAF273FF14A}.Android|Mixed Platforms.Build.0 = Release|Any CPU
		{5D8C6C01-E173-492A-9F8C-6AAF273FF14A}.Android|x64.ActiveCfg = Release|Any CPU
		{5D8C6C01-E173-492A-9F8C-6AAF273FF14A}.Android|x86.ActiveCfg = Release|Any CPU
		{5D8C6C01-E173-492A-9F8C-6AAF273FF14A}.Debug|Any CPU.ActiveCfg = Debug|Any CPU
		{5D8C6C01-E173-492A-9F8C-6AAF273FF14A}.Debug|Any CPU.Build.0 = Debug|Any CPU
		{5D8C6C01-E173-492A-9F8C-6AAF273FF14A}.Debug|ARM.ActiveCfg = Debug|Any CPU
		{5D8C6C01-E173-492A-9F8C-6AAF273FF14A}.Debug|Mixed Platforms.ActiveCfg = Debug|Any CPU
		{5D8C6C01-E173-492A-9F8C-6AAF273FF14A}.Debug|Mixed Platforms.Build.0 = Debug|Any CPU
		{5D8C6C01-E173-492A-9F8C-6AAF273FF14A}.Debug|x64.ActiveCfg = Debug|Any CPU
		{5D8C6C01-E173-492A-9F8C-6AAF273FF14A}.Debug|x86.ActiveCfg = Debug|Any CPU
		{5D8C6C01-E173-492A-9F8C-6AAF273FF14A}.Release|Any CPU.ActiveCfg = Release|Any CPU
		{5D8C6C01-E173-492A-9F8C-6AAF273FF14A}.Release|Any CPU.Build.0 = Release|Any CPU
		{5D8C6C01-E173-492A-9F8C-6AAF273FF14A}.Release|ARM.ActiveCfg = Release|Any CPU
		{5D8C6C01-E173-492A-9F8C-6AAF273FF14A}.Release|Mixed Platforms.ActiveCfg = Release|Any CPU
		{5D8C6C01-E173-492A-9F8C-6AAF273FF14A}.Release|Mixed Platforms.Build.0 = Release|Any CPU
		{5D8C6C01-E173-492A-9F8C-6AAF273FF14A}.Release|x64.ActiveCfg = Release|Any CPU
		{5D8C6C01-E173-492A-9F8C-6AAF273FF14A}.Release|x86.ActiveCfg = Release|Any CPU
		{5D8C6C01-E173-492A-9F8C-6AAF273FF14A}.Xamarin|Any CPU.ActiveCfg = Release|Any CPU
		{5D8C6C01-E173-492A-9F8C-6AAF273FF14A}.Xamarin|Any CPU.Build.0 = Release|Any CPU
		{5D8C6C01-E173-492A-9F8C-6AAF273FF14A}.Xamarin|ARM.ActiveCfg = Release|Any CPU
		{5D8C6C01-E173-492A-9F8C-6AAF273FF14A}.Xamarin|Mixed Platforms.ActiveCfg = Release|Any CPU
		{5D8C6C01-E173-492A-9F8C-6AAF273FF14A}.Xamarin|Mixed Platforms.Build.0 = Release|Any CPU
		{5D8C6C01-E173-492A-9F8C-6AAF273FF14A}.Xamarin|x64.ActiveCfg = Release|Any CPU
		{5D8C6C01-E173-492A-9F8C-6AAF273FF14A}.Xamarin|x86.ActiveCfg = Release|Any CPU
		{0FE50B4D-1BB1-4CE5-91EA-D5046F326536}.Android|Any CPU.ActiveCfg = Release|Any CPU
		{0FE50B4D-1BB1-4CE5-91EA-D5046F326536}.Android|Any CPU.Build.0 = Release|Any CPU
		{0FE50B4D-1BB1-4CE5-91EA-D5046F326536}.Android|ARM.ActiveCfg = Release|Any CPU
		{0FE50B4D-1BB1-4CE5-91EA-D5046F326536}.Android|Mixed Platforms.ActiveCfg = Release|Any CPU
		{0FE50B4D-1BB1-4CE5-91EA-D5046F326536}.Android|Mixed Platforms.Build.0 = Release|Any CPU
		{0FE50B4D-1BB1-4CE5-91EA-D5046F326536}.Android|x64.ActiveCfg = Release|Any CPU
		{0FE50B4D-1BB1-4CE5-91EA-D5046F326536}.Android|x86.ActiveCfg = Release|Any CPU
		{0FE50B4D-1BB1-4CE5-91EA-D5046F326536}.Debug|Any CPU.ActiveCfg = Debug|Any CPU
		{0FE50B4D-1BB1-4CE5-91EA-D5046F326536}.Debug|Any CPU.Build.0 = Debug|Any CPU
		{0FE50B4D-1BB1-4CE5-91EA-D5046F326536}.Debug|ARM.ActiveCfg = Debug|Any CPU
		{0FE50B4D-1BB1-4CE5-91EA-D5046F326536}.Debug|Mixed Platforms.ActiveCfg = Debug|Any CPU
		{0FE50B4D-1BB1-4CE5-91EA-D5046F326536}.Debug|Mixed Platforms.Build.0 = Debug|Any CPU
		{0FE50B4D-1BB1-4CE5-91EA-D5046F326536}.Debug|x64.ActiveCfg = Debug|Any CPU
		{0FE50B4D-1BB1-4CE5-91EA-D5046F326536}.Debug|x86.ActiveCfg = Debug|Any CPU
		{0FE50B4D-1BB1-4CE5-91EA-D5046F326536}.Release|Any CPU.ActiveCfg = Release|Any CPU
		{0FE50B4D-1BB1-4CE5-91EA-D5046F326536}.Release|Any CPU.Build.0 = Release|Any CPU
		{0FE50B4D-1BB1-4CE5-91EA-D5046F326536}.Release|ARM.ActiveCfg = Release|Any CPU
		{0FE50B4D-1BB1-4CE5-91EA-D5046F326536}.Release|Mixed Platforms.ActiveCfg = Release|Any CPU
		{0FE50B4D-1BB1-4CE5-91EA-D5046F326536}.Release|Mixed Platforms.Build.0 = Release|Any CPU
		{0FE50B4D-1BB1-4CE5-91EA-D5046F326536}.Release|x64.ActiveCfg = Release|Any CPU
		{0FE50B4D-1BB1-4CE5-91EA-D5046F326536}.Release|x86.ActiveCfg = Release|Any CPU
		{0FE50B4D-1BB1-4CE5-91EA-D5046F326536}.Xamarin|Any CPU.ActiveCfg = Release|Any CPU
		{0FE50B4D-1BB1-4CE5-91EA-D5046F326536}.Xamarin|Any CPU.Build.0 = Release|Any CPU
		{0FE50B4D-1BB1-4CE5-91EA-D5046F326536}.Xamarin|ARM.ActiveCfg = Release|Any CPU
		{0FE50B4D-1BB1-4CE5-91EA-D5046F326536}.Xamarin|Mixed Platforms.ActiveCfg = Release|Any CPU
		{0FE50B4D-1BB1-4CE5-91EA-D5046F326536}.Xamarin|Mixed Platforms.Build.0 = Release|Any CPU
		{0FE50B4D-1BB1-4CE5-91EA-D5046F326536}.Xamarin|x64.ActiveCfg = Release|Any CPU
		{0FE50B4D-1BB1-4CE5-91EA-D5046F326536}.Xamarin|x86.ActiveCfg = Release|Any CPU
		{A6C40F9C-833D-4FBD-B9F2-7800A3621875}.Android|Any CPU.ActiveCfg = Android|Any CPU
		{A6C40F9C-833D-4FBD-B9F2-7800A3621875}.Android|Any CPU.Build.0 = Android|Any CPU
		{A6C40F9C-833D-4FBD-B9F2-7800A3621875}.Android|ARM.ActiveCfg = Android|Any CPU
		{A6C40F9C-833D-4FBD-B9F2-7800A3621875}.Android|Mixed Platforms.ActiveCfg = Android|Any CPU
		{A6C40F9C-833D-4FBD-B9F2-7800A3621875}.Android|Mixed Platforms.Build.0 = Android|Any CPU
		{A6C40F9C-833D-4FBD-B9F2-7800A3621875}.Android|x64.ActiveCfg = Android|Any CPU
		{A6C40F9C-833D-4FBD-B9F2-7800A3621875}.Android|x86.ActiveCfg = Android|Any CPU
		{A6C40F9C-833D-4FBD-B9F2-7800A3621875}.Debug|Any CPU.ActiveCfg = Debug|Any CPU
		{A6C40F9C-833D-4FBD-B9F2-7800A3621875}.Debug|Any CPU.Build.0 = Debug|Any CPU
		{A6C40F9C-833D-4FBD-B9F2-7800A3621875}.Debug|ARM.ActiveCfg = Debug|Any CPU
		{A6C40F9C-833D-4FBD-B9F2-7800A3621875}.Debug|Mixed Platforms.ActiveCfg = Debug|Any CPU
		{A6C40F9C-833D-4FBD-B9F2-7800A3621875}.Debug|Mixed Platforms.Build.0 = Debug|Any CPU
		{A6C40F9C-833D-4FBD-B9F2-7800A3621875}.Debug|x64.ActiveCfg = Debug|Any CPU
		{A6C40F9C-833D-4FBD-B9F2-7800A3621875}.Debug|x86.ActiveCfg = Debug|Any CPU
		{A6C40F9C-833D-4FBD-B9F2-7800A3621875}.Release|Any CPU.ActiveCfg = Release|Any CPU
		{A6C40F9C-833D-4FBD-B9F2-7800A3621875}.Release|Any CPU.Build.0 = Release|Any CPU
		{A6C40F9C-833D-4FBD-B9F2-7800A3621875}.Release|ARM.ActiveCfg = Release|Any CPU
		{A6C40F9C-833D-4FBD-B9F2-7800A3621875}.Release|Mixed Platforms.ActiveCfg = Release|Any CPU
		{A6C40F9C-833D-4FBD-B9F2-7800A3621875}.Release|Mixed Platforms.Build.0 = Release|Any CPU
		{A6C40F9C-833D-4FBD-B9F2-7800A3621875}.Release|x64.ActiveCfg = Release|Any CPU
		{A6C40F9C-833D-4FBD-B9F2-7800A3621875}.Release|x86.ActiveCfg = Release|Any CPU
		{A6C40F9C-833D-4FBD-B9F2-7800A3621875}.Xamarin|Any CPU.ActiveCfg = Android|Any CPU
		{A6C40F9C-833D-4FBD-B9F2-7800A3621875}.Xamarin|Any CPU.Build.0 = Android|Any CPU
		{A6C40F9C-833D-4FBD-B9F2-7800A3621875}.Xamarin|ARM.ActiveCfg = Android|Any CPU
		{A6C40F9C-833D-4FBD-B9F2-7800A3621875}.Xamarin|Mixed Platforms.ActiveCfg = Android|Any CPU
		{A6C40F9C-833D-4FBD-B9F2-7800A3621875}.Xamarin|Mixed Platforms.Build.0 = Android|Any CPU
		{A6C40F9C-833D-4FBD-B9F2-7800A3621875}.Xamarin|x64.ActiveCfg = Android|Any CPU
		{A6C40F9C-833D-4FBD-B9F2-7800A3621875}.Xamarin|x86.ActiveCfg = Android|Any CPU
	EndGlobalSection
	GlobalSection(SolutionProperties) = preSolution
		HideSolutionNode = FALSE
	EndGlobalSection
	GlobalSection(NestedProjects) = preSolution
		{C3073783-3A74-45DA-9B7E-186A5B37AA16} = {24442316-C08F-4365-9480-29A8C2809C14}
		{5E7779C3-0CA4-4938-8C42-96572D97162C} = {EA781C06-3F27-4F44-9128-BAABCA5420C5}
		{F1940463-01A2-47B6-904C-9E33C340F984} = {5E7779C3-0CA4-4938-8C42-96572D97162C}
		{1DF587DE-00C3-480C-AF19-BDB0940052CD} = {5E7779C3-0CA4-4938-8C42-96572D97162C}
		{250F70B8-8761-4982-A6D7-1435E6D74770} = {5E7779C3-0CA4-4938-8C42-96572D97162C}
		{3D4C4218-76C2-4A27-8013-C27F876019A3} = {EA781C06-3F27-4F44-9128-BAABCA5420C5}
		{B9D1484F-06EF-49BF-81A1-6B780FCAC0AA} = {24442316-C08F-4365-9480-29A8C2809C14}
		{9871E9CD-A446-4541-BB2A-4F3E8895272F} = {EA781C06-3F27-4F44-9128-BAABCA5420C5}
		{36CE7D9F-BDAC-4A51-83DF-1B1314933F68} = {9871E9CD-A446-4541-BB2A-4F3E8895272F}
		{D9E57059-BAD6-483B-985C-C7D1DA24ED7F} = {C3073783-3A74-45DA-9B7E-186A5B37AA16}
		{04C24936-006A-4FD8-A872-EE55588C1CBE} = {C3073783-3A74-45DA-9B7E-186A5B37AA16}
		{F77A6E65-8A18-4401-8E02-5CB4644EC31D} = {3D4C4218-76C2-4A27-8013-C27F876019A3}
		{62924477-56C4-40C3-AE7B-CD2CBCB13935} = {24442316-C08F-4365-9480-29A8C2809C14}
		{016282B3-A368-4D11-A200-8E1E2FFB129C} = {24442316-C08F-4365-9480-29A8C2809C14}
		{EA55EFCF-3127-4E85-9A37-A645C06FFCC1} = {016282B3-A368-4D11-A200-8E1E2FFB129C}
		{3439BDE9-5387-46EE-8A00-E789259F8853} = {62924477-56C4-40C3-AE7B-CD2CBCB13935}
		{6D8D8008-0A34-490F-8B38-21D9C8BF25C0} = {62924477-56C4-40C3-AE7B-CD2CBCB13935}
		{7E0558B9-4B29-4835-9FCB-6ABBAB048236} = {5E7779C3-0CA4-4938-8C42-96572D97162C}
		{D640A736-F1B0-4036-82A4-63CD03E945BC} = {B9D1484F-06EF-49BF-81A1-6B780FCAC0AA}
		{9B9EB8FA-8DD2-45F4-9FC7-5B5A79DEDFF3} = {EA781C06-3F27-4F44-9128-BAABCA5420C5}
		{5D8C6C01-E173-492A-9F8C-6AAF273FF14A} = {9B9EB8FA-8DD2-45F4-9FC7-5B5A79DEDFF3}
		{A37C4110-002B-443A-9DEE-374F0C2E311C} = {EA781C06-3F27-4F44-9128-BAABCA5420C5}
		{0FE50B4D-1BB1-4CE5-91EA-D5046F326536} = {A37C4110-002B-443A-9DEE-374F0C2E311C}
		{A6C40F9C-833D-4FBD-B9F2-7800A3621875} = {5E7779C3-0CA4-4938-8C42-96572D97162C}
	EndGlobalSection
EndGlobal
